{
  "object": {
    "pins": [
      {
        "package": "HKDF",
        "repositoryURL": "https://github.com/TICESoftware/HKDF.git",
        "state": {
          "branch": null,
          "revision": "c0512a18f9486af535bac1befe3f7df753c5b206",
          "version": "1.0.9"
        }
      },
      {
        "package": "Sodium",
        "repositoryURL": "https://github.com/jedisct1/swift-sodium.git",
        "state": {
          "branch": null,
          "revision": "4f9164a0a2c9a6a7ff53a2833d54a5c79c957342",
          "version": "0.9.1"
        }
      }
    ]
  },
  "version": 1
}
