{
  "object": {
    "pins": [
      {
        "package": "HKDF",
        "repositoryURL": "https://github.com/TICESoftware/HKDF.git",
        "state": {
          "branch": "linux",
          "revision": "ed9f34b91d6837857cdf939326e7c0f2916a4be0",
          "version": null
        }
      },
      {
        "package": "Sodium",
        "repositoryURL": "https://github.com/TICESoftware/swift-sodium.git",
        "state": {
          "branch": "linux",
          "revision": "330cff0292618ac717df361d9341d83d98172ec6",
          "version": null
        }
      }
    ]
  },
  "version": 1
}
