{
  "object": {
    "pins": [
      {
        "package": "Clibsodium",
        "repositoryURL": "https://github.com/TICESoftware/Clibsodium.git",
        "state": {
          "branch": null,
          "revision": "1299f1735480130410c1d277c5278b6100159a51",
          "version": "1.0.1"
        }
      },
      {
        "package": "HKDF",
        "repositoryURL": "https://github.com/TICESoftware/HKDF.git",
        "state": {
          "branch": "explicitClibsodium",
          "revision": "8137149293d8262f2f7d6c91f8e05e989a39d10d",
          "version": null
        }
      },
      {
        "package": "Sodium",
        "repositoryURL": "https://github.com/TICESoftware/swift-sodium.git",
        "state": {
          "branch": "spmWorkaround",
          "revision": "f2b32566f9b9f4f3a534e125a9151cbc9639a48d",
          "version": null
        }
      }
    ]
  },
  "version": 1
}
